
Microsoft Visual Studio Solution File, Format Version 12.00
# Visual Studio 2012
Project("{FAE04EC0-301F-11D3-BF4B-00C04F79EFBC}") = "POSDemo", "POSDemo\POSDemo.csproj", "{ACF91D35-DD65-4255-9C2D-BB091AD07486}"
EndProject
Project("{FAE04EC0-301F-11D3-BF4B-00C04F79EFBC}") = "lab3", "..\lab3\lab3\lab3.csproj", "{6E0C7F4C-C2E6-44A0-B259-0931C55392E9}"
EndProject
Project("{2150E333-8FDC-42A3-9474-1A3956D46DE8}") = "Solution Items", "Solution Items", "{C2C9ED51-17AB-4A70-94C2-D692B601593D}"
EndProject
Global
	GlobalSection(SolutionConfigurationPlatforms) = preSolution
		Debug|Any CPU = Debug|Any CPU
		Release|Any CPU = Release|Any CPU
	EndGlobalSection
	GlobalSection(ProjectConfigurationPlatforms) = postSolution
		{ACF91D35-DD65-4255-9C2D-BB091AD07486}.Debug|Any CPU.ActiveCfg = Debug|Any CPU
		{ACF91D35-DD65-4255-9C2D-BB091AD07486}.Debug|Any CPU.Build.0 = Debug|Any CPU
		{ACF91D35-DD65-4255-9C2D-BB091AD07486}.Release|Any CPU.ActiveCfg = Release|Any CPU
		{ACF91D35-DD65-4255-9C2D-BB091AD07486}.Release|Any CPU.Build.0 = Release|Any CPU
		{6E0C7F4C-C2E6-44A0-B259-0931C55392E9}.Debug|Any CPU.ActiveCfg = Debug|Any CPU
		{6E0C7F4C-C2E6-44A0-B259-0931C55392E9}.Debug|Any CPU.Build.0 = Debug|Any CPU
		{6E0C7F4C-C2E6-44A0-B259-0931C55392E9}.Release|Any CPU.ActiveCfg = Release|Any CPU
		{6E0C7F4C-C2E6-44A0-B259-0931C55392E9}.Release|Any CPU.Build.0 = Release|Any CPU
	EndGlobalSection
	GlobalSection(SolutionProperties) = preSolution
		HideSolutionNode = FALSE
	EndGlobalSection
EndGlobal
